
Microsoft Visual Studio Solution File, Format Version 12.00
# Visual Studio Version 17
VisualStudioVersion = 17.9.34728.123
MinimumVisualStudioVersion = 10.0.40219.1
Project("{FAE04EC0-301F-11D3-BF4B-00C04F79EFBC}") = "13 Working", "13 Working\13 Working.csproj", "{07EE767E-46BE-4565-BFC3-11A1AE16BCF5}"
EndProject
Global
	GlobalSection(SolutionConfigurationPlatforms) = preSolution
		Debug|Any CPU = Debug|Any CPU
		Release|Any CPU = Release|Any CPU
	EndGlobalSection
	GlobalSection(ProjectConfigurationPlatforms) = postSolution
		{07EE767E-46BE-4565-BFC3-11A1AE16BCF5}.Debug|Any CPU.ActiveCfg = Debug|Any CPU
		{07EE767E-46BE-4565-BFC3-11A1AE16BCF5}.Debug|Any CPU.Build.0 = Debug|Any CPU
		{07EE767E-46BE-4565-BFC3-11A1AE16BCF5}.Release|Any CPU.ActiveCfg = Release|Any CPU
		{07EE767E-46BE-4565-BFC3-11A1AE16BCF5}.Release|Any CPU.Build.0 = Release|Any CPU
	EndGlobalSection
	GlobalSection(SolutionProperties) = preSolution
		HideSolutionNode = FALSE
	EndGlobalSection
	GlobalSection(ExtensibilityGlobals) = postSolution
		SolutionGuid = {81494F16-CC8E-45FB-935F-D1A871BB904C}
	EndGlobalSection
EndGlobal
